// !$*UTF8*$!
{
	archiveVersion = 1;
	classes = {
	};
	objectVersion = 56;
	objects = {

/* Begin PBXBuildFile section */
		092098EC2BC1B0A500DAA0C7 /* AppDelegate.swift in Sources */ = {isa = PBXBuildFile; fileRef = 092098EB2BC1B0A500DAA0C7 /* AppDelegate.swift */; };
		092098EE2BC1B0A500DAA0C7 /* SceneDelegate.swift in Sources */ = {isa = PBXBuildFile; fileRef = 092098ED2BC1B0A500DAA0C7 /* SceneDelegate.swift */; };
		092098F02BC1B0A500DAA0C7 /* ViewController.swift in Sources */ = {isa = PBXBuildFile; fileRef = 092098EF2BC1B0A500DAA0C7 /* ViewController.swift */; };
		092098F52BC1B0A500DAA0C7 /* Assets.xcassets in Resources */ = {isa = PBXBuildFile; fileRef = 092098F42BC1B0A500DAA0C7 /* Assets.xcassets */; };
		092098F82BC1B0A500DAA0C7 /* LaunchScreen.storyboard in Resources */ = {isa = PBXBuildFile; fileRef = 092098F62BC1B0A500DAA0C7 /* LaunchScreen.storyboard */; };
		1E8BDB683834F305F426F5C7 /* Pods_CinephileDatingApp.framework in Frameworks */ = {isa = PBXBuildFile; fileRef = 0E179C2C3935EE7974B6A9D8 /* Pods_CinephileDatingApp.framework */; };
/* End PBXBuildFile section */

/* Begin PBXFileReference section */
		06ED4AFAC0909503CBA76E75 /* Pods-CinephileDatingApp.release.xcconfig */ = {isa = PBXFileReference; includeInIndex = 1; lastKnownFileType = text.xcconfig; name = "Pods-CinephileDatingApp.release.xcconfig"; path = "Target Support Files/Pods-CinephileDatingApp/Pods-CinephileDatingApp.release.xcconfig"; sourceTree = "<group>"; };
		092098E82BC1B0A500DAA0C7 /* CinephileDatingApp.app */ = {isa = PBXFileReference; explicitFileType = wrapper.application; includeInIndex = 0; path = CinephileDatingApp.app; sourceTree = BUILT_PRODUCTS_DIR; };
		092098EB2BC1B0A500DAA0C7 /* AppDelegate.swift */ = {isa = PBXFileReference; lastKnownFileType = sourcecode.swift; path = AppDelegate.swift; sourceTree = "<group>"; };
		092098ED2BC1B0A500DAA0C7 /* SceneDelegate.swift */ = {isa = PBXFileReference; lastKnownFileType = sourcecode.swift; path = SceneDelegate.swift; sourceTree = "<group>"; };
		092098EF2BC1B0A500DAA0C7 /* ViewController.swift */ = {isa = PBXFileReference; lastKnownFileType = sourcecode.swift; path = ViewController.swift; sourceTree = "<group>"; };
		092098F42BC1B0A500DAA0C7 /* Assets.xcassets */ = {isa = PBXFileReference; lastKnownFileType = folder.assetcatalog; path = Assets.xcassets; sourceTree = "<group>"; };
		092098F72BC1B0A500DAA0C7 /* Base */ = {isa = PBXFileReference; lastKnownFileType = file.storyboard; name = Base; path = Base.lproj/LaunchScreen.storyboard; sourceTree = "<group>"; };
		092098F92BC1B0A500DAA0C7 /* Info.plist */ = {isa = PBXFileReference; lastKnownFileType = text.plist.xml; path = Info.plist; sourceTree = "<group>"; };
		0E179C2C3935EE7974B6A9D8 /* Pods_CinephileDatingApp.framework */ = {isa = PBXFileReference; explicitFileType = wrapper.framework; includeInIndex = 0; path = Pods_CinephileDatingApp.framework; sourceTree = BUILT_PRODUCTS_DIR; };
		EB063394866DDD65B6540745 /* Pods-CinephileDatingApp.debug.xcconfig */ = {isa = PBXFileReference; includeInIndex = 1; lastKnownFileType = text.xcconfig; name = "Pods-CinephileDatingApp.debug.xcconfig"; path = "Target Support Files/Pods-CinephileDatingApp/Pods-CinephileDatingApp.debug.xcconfig"; sourceTree = "<group>"; };
/* End PBXFileReference section */

/* Begin PBXFrameworksBuildPhase section */
		092098E52BC1B0A500DAA0C7 /* Frameworks */ = {
			isa = PBXFrameworksBuildPhase;
			buildActionMask = 2147483647;
			files = (
				1E8BDB683834F305F426F5C7 /* Pods_CinephileDatingApp.framework in Frameworks */,
			);
			runOnlyForDeploymentPostprocessing = 0;
		};
/* End PBXFrameworksBuildPhase section */

/* Begin PBXGroup section */
		092098DF2BC1B0A500DAA0C7 = {
			isa = PBXGroup;
			children = (
				092098EA2BC1B0A500DAA0C7 /* CinephileDatingApp */,
				092098E92BC1B0A500DAA0C7 /* Products */,
				FECED813F3E5F72E085A5E3B /* Pods */,
				FF5E54C3A51902BD2B9B7F7E /* Frameworks */,
			);
			sourceTree = "<group>";
		};
		092098E92BC1B0A500DAA0C7 /* Products */ = {
			isa = PBXGroup;
			children = (
				092098E82BC1B0A500DAA0C7 /* CinephileDatingApp.app */,
			);
			name = Products;
			sourceTree = "<group>";
		};
		092098EA2BC1B0A500DAA0C7 /* CinephileDatingApp */ = {
			isa = PBXGroup;
			children = (
				092098F92BC1B0A500DAA0C7 /* Info.plist */,
				092099082BC1B2D200DAA0C7 /* Resources */,
				092099062BC1B15F00DAA0C7 /* Models */,
				092099052BC1B15500DAA0C7 /* Views */,
				092099042BC1B14E00DAA0C7 /* ViewModels */,
				092099032BC1B14B00DAA0C7 /* Controllers */,
				092099012BC1B13B00DAA0C7 /* API */,
				092099002BC1B13700DAA0C7 /* Utils */,
			);
			path = CinephileDatingApp;
			sourceTree = "<group>";
		};
		092099002BC1B13700DAA0C7 /* Utils */ = {
			isa = PBXGroup;
			children = (
			);
			path = Utils;
			sourceTree = "<group>";
		};
		092099012BC1B13B00DAA0C7 /* API */ = {
			isa = PBXGroup;
			children = (
			);
			path = API;
			sourceTree = "<group>";
		};
		092099032BC1B14B00DAA0C7 /* Controllers */ = {
			isa = PBXGroup;
			children = (
				092098EF2BC1B0A500DAA0C7 /* ViewController.swift */,
			);
			path = Controllers;
			sourceTree = "<group>";
		};
		092099042BC1B14E00DAA0C7 /* ViewModels */ = {
			isa = PBXGroup;
			children = (
			);
			path = ViewModels;
			sourceTree = "<group>";
		};
		092099052BC1B15500DAA0C7 /* Views */ = {
			isa = PBXGroup;
			children = (
			);
			path = Views;
			sourceTree = "<group>";
		};
		092099062BC1B15F00DAA0C7 /* Models */ = {
			isa = PBXGroup;
			children = (
			);
			path = Models;
			sourceTree = "<group>";
		};
		092099082BC1B2D200DAA0C7 /* Resources */ = {
			isa = PBXGroup;
			children = (
				092098EB2BC1B0A500DAA0C7 /* AppDelegate.swift */,
				092098ED2BC1B0A500DAA0C7 /* SceneDelegate.swift */,
				092098F42BC1B0A500DAA0C7 /* Assets.xcassets */,
				092098F62BC1B0A500DAA0C7 /* LaunchScreen.storyboard */,
			);
			path = Resources;
			sourceTree = "<group>";
		};
		FECED813F3E5F72E085A5E3B /* Pods */ = {
			isa = PBXGroup;
			children = (
				EB063394866DDD65B6540745 /* Pods-CinephileDatingApp.debug.xcconfig */,
				06ED4AFAC0909503CBA76E75 /* Pods-CinephileDatingApp.release.xcconfig */,
			);
			name = Pods;
			path = Pods;
			sourceTree = "<group>";
		};
		FF5E54C3A51902BD2B9B7F7E /* Frameworks */ = {
			isa = PBXGroup;
			children = (
				0E179C2C3935EE7974B6A9D8 /* Pods_CinephileDatingApp.framework */,
			);
			name = Frameworks;
			sourceTree = "<group>";
		};
/* End PBXGroup section */

/* Begin PBXNativeTarget section */
		092098E72BC1B0A500DAA0C7 /* CinephileDatingApp */ = {
			isa = PBXNativeTarget;
			buildConfigurationList = 092098FC2BC1B0A500DAA0C7 /* Build configuration list for PBXNativeTarget "CinephileDatingApp" */;
			buildPhases = (
				9941610DBC475EA695C01655 /* [CP] Check Pods Manifest.lock */,
				092098E42BC1B0A500DAA0C7 /* Sources */,
				092098E52BC1B0A500DAA0C7 /* Frameworks */,
				092098E62BC1B0A500DAA0C7 /* Resources */,
				9054699988E73375088B3B1B /* [CP] Embed Pods Frameworks */,
			);
			buildRules = (
			);
			dependencies = (
			);
			name = CinephileDatingApp;
			productName = CinephileDatingApp;
			productReference = 092098E82BC1B0A500DAA0C7 /* CinephileDatingApp.app */;
			productType = "com.apple.product-type.application";
		};
/* End PBXNativeTarget section */

/* Begin PBXProject section */
		092098E02BC1B0A500DAA0C7 /* Project object */ = {
			isa = PBXProject;
			attributes = {
				BuildIndependentTargetsInParallel = 1;
				LastSwiftUpdateCheck = 1420;
				LastUpgradeCheck = 1420;
				TargetAttributes = {
					092098E72BC1B0A500DAA0C7 = {
						CreatedOnToolsVersion = 14.2;
					};
				};
			};
			buildConfigurationList = 092098E32BC1B0A500DAA0C7 /* Build configuration list for PBXProject "CinephileDatingApp" */;
			compatibilityVersion = "Xcode 14.0";
			developmentRegion = en;
			hasScannedForEncodings = 0;
			knownRegions = (
				en,
				Base,
			);
			mainGroup = 092098DF2BC1B0A500DAA0C7;
			productRefGroup = 092098E92BC1B0A500DAA0C7 /* Products */;
			projectDirPath = "";
			projectRoot = "";
			targets = (
				092098E72BC1B0A500DAA0C7 /* CinephileDatingApp */,
			);
		};
/* End PBXProject section */

/* Begin PBXResourcesBuildPhase section */
		092098E62BC1B0A500DAA0C7 /* Resources */ = {
			isa = PBXResourcesBuildPhase;
			buildActionMask = 2147483647;
			files = (
				092098F82BC1B0A500DAA0C7 /* LaunchScreen.storyboard in Resources */,
				092098F52BC1B0A500DAA0C7 /* Assets.xcassets in Resources */,
			);
			runOnlyForDeploymentPostprocessing = 0;
		};
/* End PBXResourcesBuildPhase section */

/* Begin PBXShellScriptBuildPhase section */
		9054699988E73375088B3B1B /* [CP] Embed Pods Frameworks */ = {
			isa = PBXShellScriptBuildPhase;
			buildActionMask = 2147483647;
			files = (
			);
			inputFileListPaths = (
				"${PODS_ROOT}/Target Support Files/Pods-CinephileDatingApp/Pods-CinephileDatingApp-frameworks-${CONFIGURATION}-input-files.xcfilelist",
			);
			name = "[CP] Embed Pods Frameworks";
			outputFileListPaths = (
				"${PODS_ROOT}/Target Support Files/Pods-CinephileDatingApp/Pods-CinephileDatingApp-frameworks-${CONFIGURATION}-output-files.xcfilelist",
			);
			runOnlyForDeploymentPostprocessing = 0;
			shellPath = /bin/sh;
			shellScript = "\"${PODS_ROOT}/Target Support Files/Pods-CinephileDatingApp/Pods-CinephileDatingApp-frameworks.sh\"\n";
			showEnvVarsInLog = 0;
		};
		9941610DBC475EA695C01655 /* [CP] Check Pods Manifest.lock */ = {
			isa = PBXShellScriptBuildPhase;
			buildActionMask = 2147483647;
			files = (
			);
			inputFileListPaths = (
			);
			inputPaths = (
				"${PODS_PODFILE_DIR_PATH}/Podfile.lock",
				"${PODS_ROOT}/Manifest.lock",
			);
			name = "[CP] Check Pods Manifest.lock";
			outputFileListPaths = (
			);
			outputPaths = (
				"$(DERIVED_FILE_DIR)/Pods-CinephileDatingApp-checkManifestLockResult.txt",
			);
			runOnlyForDeploymentPostprocessing = 0;
			shellPath = /bin/sh;
			shellScript = "diff \"${PODS_PODFILE_DIR_PATH}/Podfile.lock\" \"${PODS_ROOT}/Manifest.lock\" > /dev/null\nif [ $? != 0 ] ; then\n    # print error to STDERR\n    echo \"error: The sandbox is not in sync with the Podfile.lock. Run 'pod install' or update your CocoaPods installation.\" >&2\n    exit 1\nfi\n# This output is used by Xcode 'outputs' to avoid re-running this script phase.\necho \"SUCCESS\" > \"${SCRIPT_OUTPUT_FILE_0}\"\n";
			showEnvVarsInLog = 0;
		};
/* End PBXShellScriptBuildPhase section */

/* Begin PBXSourcesBuildPhase section */
		092098E42BC1B0A500DAA0C7 /* Sources */ = {
			isa = PBXSourcesBuildPhase;
			buildActionMask = 2147483647;
			files = (
				092098F02BC1B0A500DAA0C7 /* ViewController.swift in Sources */,
				092098EC2BC1B0A500DAA0C7 /* AppDelegate.swift in Sources */,
				092098EE2BC1B0A500DAA0C7 /* SceneDelegate.swift in Sources */,
			);
			runOnlyForDeploymentPostprocessing = 0;
		};
/* End PBXSourcesBuildPhase section */

/* Begin PBXVariantGroup section */
		092098F62BC1B0A500DAA0C7 /* LaunchScreen.storyboard */ = {
			isa = PBXVariantGroup;
			children = (
				092098F72BC1B0A500DAA0C7 /* Base */,
			);
			name = LaunchScreen.storyboard;
			sourceTree = "<group>";
		};
/* End PBXVariantGroup section */

/* Begin XCBuildConfiguration section */
		092098FA2BC1B0A500DAA0C7 /* Debug */ = {
			isa = XCBuildConfiguration;
			buildSettings = {
				ALWAYS_SEARCH_USER_PATHS = NO;
				CLANG_ANALYZER_NONNULL = YES;
				CLANG_ANALYZER_NUMBER_OBJECT_CONVERSION = YES_AGGRESSIVE;
				CLANG_CXX_LANGUAGE_STANDARD = "gnu++20";
				CLANG_ENABLE_MODULES = YES;
				CLANG_ENABLE_OBJC_ARC = YES;
				CLANG_ENABLE_OBJC_WEAK = YES;
				CLANG_WARN_BLOCK_CAPTURE_AUTORELEASING = YES;
				CLANG_WARN_BOOL_CONVERSION = YES;
				CLANG_WARN_COMMA = YES;
				CLANG_WARN_CONSTANT_CONVERSION = YES;
				CLANG_WARN_DEPRECATED_OBJC_IMPLEMENTATIONS = YES;
				CLANG_WARN_DIRECT_OBJC_ISA_USAGE = YES_ERROR;
				CLANG_WARN_DOCUMENTATION_COMMENTS = YES;
				CLANG_WARN_EMPTY_BODY = YES;
				CLANG_WARN_ENUM_CONVERSION = YES;
				CLANG_WARN_INFINITE_RECURSION = YES;
				CLANG_WARN_INT_CONVERSION = YES;
				CLANG_WARN_NON_LITERAL_NULL_CONVERSION = YES;
				CLANG_WARN_OBJC_IMPLICIT_RETAIN_SELF = YES;
				CLANG_WARN_OBJC_LITERAL_CONVERSION = YES;
				CLANG_WARN_OBJC_ROOT_CLASS = YES_ERROR;
				CLANG_WARN_QUOTED_INCLUDE_IN_FRAMEWORK_HEADER = YES;
				CLANG_WARN_RANGE_LOOP_ANALYSIS = YES;
				CLANG_WARN_STRICT_PROTOTYPES = YES;
				CLANG_WARN_SUSPICIOUS_MOVE = YES;
				CLANG_WARN_UNGUARDED_AVAILABILITY = YES_AGGRESSIVE;
				CLANG_WARN_UNREACHABLE_CODE = YES;
				CLANG_WARN__DUPLICATE_METHOD_MATCH = YES;
				COPY_PHASE_STRIP = NO;
				DEBUG_INFORMATION_FORMAT = dwarf;
				ENABLE_STRICT_OBJC_MSGSEND = YES;
				ENABLE_TESTABILITY = YES;
				GCC_C_LANGUAGE_STANDARD = gnu11;
				GCC_DYNAMIC_NO_PIC = NO;
				GCC_NO_COMMON_BLOCKS = YES;
				GCC_OPTIMIZATION_LEVEL = 0;
				GCC_PREPROCESSOR_DEFINITIONS = (
					"DEBUG=1",
					"$(inherited)",
				);
				GCC_WARN_64_TO_32_BIT_CONVERSION = YES;
				GCC_WARN_ABOUT_RETURN_TYPE = YES_ERROR;
				GCC_WARN_UNDECLARED_SELECTOR = YES;
				GCC_WARN_UNINITIALIZED_AUTOS = YES_AGGRESSIVE;
				GCC_WARN_UNUSED_FUNCTION = YES;
				GCC_WARN_UNUSED_VARIABLE = YES;
				IPHONEOS_DEPLOYMENT_TARGET = 14.0;
				MTL_ENABLE_DEBUG_INFO = INCLUDE_SOURCE;
				MTL_FAST_MATH = YES;
				ONLY_ACTIVE_ARCH = YES;
				SDKROOT = iphoneos;
				SWIFT_ACTIVE_COMPILATION_CONDITIONS = DEBUG;
				SWIFT_OPTIMIZATION_LEVEL = "-Onone";
			};
			name = Debug;
		};
		092098FB2BC1B0A500DAA0C7 /* Release */ = {
			isa = XCBuildConfiguration;
			buildSettings = {
				ALWAYS_SEARCH_USER_PATHS = NO;
				CLANG_ANALYZER_NONNULL = YES;
				CLANG_ANALYZER_NUMBER_OBJECT_CONVERSION = YES_AGGRESSIVE;
				CLANG_CXX_LANGUAGE_STANDARD = "gnu++20";
				CLANG_ENABLE_MODULES = YES;
				CLANG_ENABLE_OBJC_ARC = YES;
				CLANG_ENABLE_OBJC_WEAK = YES;
				CLANG_WARN_BLOCK_CAPTURE_AUTORELEASING = YES;
				CLANG_WARN_BOOL_CONVERSION = YES;
				CLANG_WARN_COMMA = YES;
				CLANG_WARN_CONSTANT_CONVERSION = YES;
				CLANG_WARN_DEPRECATED_OBJC_IMPLEMENTATIONS = YES;
				CLANG_WARN_DIRECT_OBJC_ISA_USAGE = YES_ERROR;
				CLANG_WARN_DOCUMENTATION_COMMENTS = YES;
				CLANG_WARN_EMPTY_BODY = YES;
				CLANG_WARN_ENUM_CONVERSION = YES;
				CLANG_WARN_INFINITE_RECURSION = YES;
				CLANG_WARN_INT_CONVERSION = YES;
				CLANG_WARN_NON_LITERAL_NULL_CONVERSION = YES;
				CLANG_WARN_OBJC_IMPLICIT_RETAIN_SELF = YES;
				CLANG_WARN_OBJC_LITERAL_CONVERSION = YES;
				CLANG_WARN_OBJC_ROOT_CLASS = YES_ERROR;
				CLANG_WARN_QUOTED_INCLUDE_IN_FRAMEWORK_HEADER = YES;
				CLANG_WARN_RANGE_LOOP_ANALYSIS = YES;
				CLANG_WARN_STRICT_PROTOTYPES = YES;
				CLANG_WARN_SUSPICIOUS_MOVE = YES;
				CLANG_WARN_UNGUARDED_AVAILABILITY = YES_AGGRESSIVE;
				CLANG_WARN_UNREACHABLE_CODE = YES;
				CLANG_WARN__DUPLICATE_METHOD_MATCH = YES;
				COPY_PHASE_STRIP = NO;
				DEBUG_INFORMATION_FORMAT = "dwarf-with-dsym";
				ENABLE_NS_ASSERTIONS = NO;
				ENABLE_STRICT_OBJC_MSGSEND = YES;
				GCC_C_LANGUAGE_STANDARD = gnu11;
				GCC_NO_COMMON_BLOCKS = YES;
				GCC_WARN_64_TO_32_BIT_CONVERSION = YES;
				GCC_WARN_ABOUT_RETURN_TYPE = YES_ERROR;
				GCC_WARN_UNDECLARED_SELECTOR = YES;
				GCC_WARN_UNINITIALIZED_AUTOS = YES_AGGRESSIVE;
				GCC_WARN_UNUSED_FUNCTION = YES;
				GCC_WARN_UNUSED_VARIABLE = YES;
				IPHONEOS_DEPLOYMENT_TARGET = 14.0;
				MTL_ENABLE_DEBUG_INFO = NO;
				MTL_FAST_MATH = YES;
				SDKROOT = iphoneos;
				SWIFT_COMPILATION_MODE = wholemodule;
				SWIFT_OPTIMIZATION_LEVEL = "-O";
				VALIDATE_PRODUCT = YES;
			};
			name = Release;
		};
		092098FD2BC1B0A500DAA0C7 /* Debug */ = {
			isa = XCBuildConfiguration;
			baseConfigurationReference = EB063394866DDD65B6540745 /* Pods-CinephileDatingApp.debug.xcconfig */;
			buildSettings = {
				ASSETCATALOG_COMPILER_APPICON_NAME = AppIcon;
				ASSETCATALOG_COMPILER_GLOBAL_ACCENT_COLOR_NAME = AccentColor;
				CODE_SIGN_STYLE = Automatic;
				CURRENT_PROJECT_VERSION = 1;
				DEVELOPMENT_TEAM = 6KLWRFJA68;
				GENERATE_INFOPLIST_FILE = YES;
				INFOPLIST_FILE = CinephileDatingApp/Info.plist;
				INFOPLIST_KEY_UIApplicationSupportsIndirectInputEvents = YES;
				INFOPLIST_KEY_UILaunchStoryboardName = LaunchScreen;
				INFOPLIST_KEY_UISupportedInterfaceOrientations = UIInterfaceOrientationPortrait;
				IPHONEOS_DEPLOYMENT_TARGET = 14.0;
				LD_RUNPATH_SEARCH_PATHS = (
					"$(inherited)",
					"@executable_path/Frameworks",
				);
				MARKETING_VERSION = 1.0;
				PRODUCT_BUNDLE_IDENTIFIER = "com.ilya-tatsenko.CinephileDatingApp";
				PRODUCT_NAME = "$(TARGET_NAME)";
				SWIFT_EMIT_LOC_STRINGS = YES;
				SWIFT_VERSION = 5.0;
				TARGETED_DEVICE_FAMILY = "1,2";
			};
			name = Debug;
		};
		092098FE2BC1B0A500DAA0C7 /* Release */ = {
			isa = XCBuildConfiguration;
			baseConfigurationReference = 06ED4AFAC0909503CBA76E75 /* Pods-CinephileDatingApp.release.xcconfig */;
			buildSettings = {
				ASSETCATALOG_COMPILER_APPICON_NAME = AppIcon;
				ASSETCATALOG_COMPILER_GLOBAL_ACCENT_COLOR_NAME = AccentColor;
				CODE_SIGN_STYLE = Automatic;
				CURRENT_PROJECT_VERSION = 1;
				DEVELOPMENT_TEAM = 6KLWRFJA68;
				GENERATE_INFOPLIST_FILE = YES;
				INFOPLIST_FILE = CinephileDatingApp/Info.plist;
				INFOPLIST_KEY_UIApplicationSupportsIndirectInputEvents = YES;
				INFOPLIST_KEY_UILaunchStoryboardName = LaunchScreen;
				INFOPLIST_KEY_UISupportedInterfaceOrientations = UIInterfaceOrientationPortrait;
				IPHONEOS_DEPLOYMENT_TARGET = 14.0;
				LD_RUNPATH_SEARCH_PATHS = (
					"$(inherited)",
					"@executable_path/Frameworks",
				);
				MARKETING_VERSION = 1.0;
				PRODUCT_BUNDLE_IDENTIFIER = "com.ilya-tatsenko.CinephileDatingApp";
				PRODUCT_NAME = "$(TARGET_NAME)";
				SWIFT_EMIT_LOC_STRINGS = YES;
				SWIFT_VERSION = 5.0;
				TARGETED_DEVICE_FAMILY = "1,2";
			};
			name = Release;
		};
/* End XCBuildConfiguration section */

/* Begin XCConfigurationList section */
		092098E32BC1B0A500DAA0C7 /* Build configuration list for PBXProject "CinephileDatingApp" */ = {
			isa = XCConfigurationList;
			buildConfigurations = (
				092098FA2BC1B0A500DAA0C7 /* Debug */,
				092098FB2BC1B0A500DAA0C7 /* Release */,
			);
			defaultConfigurationIsVisible = 0;
			defaultConfigurationName = Release;
		};
		092098FC2BC1B0A500DAA0C7 /* Build configuration list for PBXNativeTarget "CinephileDatingApp" */ = {
			isa = XCConfigurationList;
			buildConfigurations = (
				092098FD2BC1B0A500DAA0C7 /* Debug */,
				092098FE2BC1B0A500DAA0C7 /* Release */,
			);
			defaultConfigurationIsVisible = 0;
			defaultConfigurationName = Release;
		};
/* End XCConfigurationList section */
	};
	rootObject = 092098E02BC1B0A500DAA0C7 /* Project object */;
}
