// !$*UTF8*$!
{
	archiveVersion = 1;
	classes = {
	};
	objectVersion = 56;
	objects = {

/* Begin PBXBuildFile section */
		049EB0622BC889700040FFF8 /* CardView.swift in Sources */ = {isa = PBXBuildFile; fileRef = 049EB0612BC889700040FFF8 /* CardView.swift */; };
		04C872962BC5BAF900F954DB /* HomeNavigationStackView.swift in Sources */ = {isa = PBXBuildFile; fileRef = 04C872952BC5BAF900F954DB /* HomeNavigationStackView.swift */; };
		04C872982BC5D59400F954DB /* HomeActionsStackView.swift in Sources */ = {isa = PBXBuildFile; fileRef = 04C872972BC5D59400F954DB /* HomeActionsStackView.swift */; };
		04C8729B2BC5D8EE00F954DB /* HomeVerticalStackView.swift in Sources */ = {isa = PBXBuildFile; fileRef = 04C8729A2BC5D8EE00F954DB /* HomeVerticalStackView.swift */; };
		092098EC2BC1B0A500DAA0C7 /* AppDelegate.swift in Sources */ = {isa = PBXBuildFile; fileRef = 092098EB2BC1B0A500DAA0C7 /* AppDelegate.swift */; };
		092098EE2BC1B0A500DAA0C7 /* SceneDelegate.swift in Sources */ = {isa = PBXBuildFile; fileRef = 092098ED2BC1B0A500DAA0C7 /* SceneDelegate.swift */; };
		092098F02BC1B0A500DAA0C7 /* HomeViewController.swift in Sources */ = {isa = PBXBuildFile; fileRef = 092098EF2BC1B0A500DAA0C7 /* HomeViewController.swift */; };
		092098F52BC1B0A500DAA0C7 /* Assets.xcassets in Resources */ = {isa = PBXBuildFile; fileRef = 092098F42BC1B0A500DAA0C7 /* Assets.xcassets */; };
		092098F82BC1B0A500DAA0C7 /* LaunchScreen.storyboard in Resources */ = {isa = PBXBuildFile; fileRef = 092098F62BC1B0A500DAA0C7 /* LaunchScreen.storyboard */; };
		0928F7D72BD40EC400087575 /* Montserrat-Bold.ttf in Resources */ = {isa = PBXBuildFile; fileRef = 0928F7D52BD40E9900087575 /* Montserrat-Bold.ttf */; };
		0928F7D82BD40EC700087575 /* Montserrat-Medium.ttf in Resources */ = {isa = PBXBuildFile; fileRef = 0928F7D42BD40E9400087575 /* Montserrat-Medium.ttf */; };
		0928F7DA2BD428C500087575 /* FilmShotImageWithDescription.swift in Sources */ = {isa = PBXBuildFile; fileRef = 0928F7D92BD428C500087575 /* FilmShotImageWithDescription.swift */; };
		09305DCC2BD3FC510018AE92 /* Constraints.swift in Sources */ = {isa = PBXBuildFile; fileRef = 09305DCB2BD3FC510018AE92 /* Constraints.swift */; };
		0935AB2A2BD8477D00357FF0 /* ProfileSettingsViewController.swift in Sources */ = {isa = PBXBuildFile; fileRef = 0935AB292BD8477D00357FF0 /* ProfileSettingsViewController.swift */; };
		0935AB2C2BD84B1F00357FF0 /* ProfileSettingsHeaderView.swift in Sources */ = {isa = PBXBuildFile; fileRef = 0935AB2B2BD84B1F00357FF0 /* ProfileSettingsHeaderView.swift */; };
		0935AB2E2BD86FD500357FF0 /* ProfileSettingsCell.swift in Sources */ = {isa = PBXBuildFile; fileRef = 0935AB2D2BD86FD500357FF0 /* ProfileSettingsCell.swift */; };
		0935AB302BD871CE00357FF0 /* ProfileSettingsViewModel.swift in Sources */ = {isa = PBXBuildFile; fileRef = 0935AB2F2BD871CE00357FF0 /* ProfileSettingsViewModel.swift */; };
		09385C432BCD952E002A58FB /* User.swift in Sources */ = {isa = PBXBuildFile; fileRef = 09385C422BCD952E002A58FB /* User.swift */; };
		09385C472BCD9A56002A58FB /* CardViewModel.swift in Sources */ = {isa = PBXBuildFile; fileRef = 09385C462BCD9A56002A58FB /* CardViewModel.swift */; };
		0949CEEB2BD54CD9008A5C27 /* UITapGestureRecpgnizer+didTapAttributedtextInLabel.swift in Sources */ = {isa = PBXBuildFile; fileRef = 0949CEEA2BD54CD9008A5C27 /* UITapGestureRecpgnizer+didTapAttributedtextInLabel.swift */; };
		094CC6132BD97A28005A5CC0 /* ProfileSettingsFooter.swift in Sources */ = {isa = PBXBuildFile; fileRef = 094CC6122BD97A28005A5CC0 /* ProfileSettingsFooter.swift */; };
		094CC6152BD9A4B5005A5CC0 /* UserProfileViewController.swift in Sources */ = {isa = PBXBuildFile; fileRef = 094CC6142BD9A4B5005A5CC0 /* UserProfileViewController.swift */; };
		094CC6172BD9A7F3005A5CC0 /* userProfileCollectionViewCell.swift in Sources */ = {isa = PBXBuildFile; fileRef = 094CC6162BD9A7F3005A5CC0 /* userProfileCollectionViewCell.swift */; };
		094CC6192BD9B57A005A5CC0 /* UserProfileViewModel.swift in Sources */ = {isa = PBXBuildFile; fileRef = 094CC6182BD9B57A005A5CC0 /* UserProfileViewModel.swift */; };
		094CC61B2BD9B9B5005A5CC0 /* SegmentedBarView.swift in Sources */ = {isa = PBXBuildFile; fileRef = 094CC61A2BD9B9B5005A5CC0 /* SegmentedBarView.swift */; };
		096D0C932BD71662009CF490 /* GoogleService-Info.plist in Resources */ = {isa = PBXBuildFile; fileRef = 096D0C922BD71662009CF490 /* GoogleService-Info.plist */; };
		0986CE142BD6957A00F3A019 /* AuthViewModel.swift in Sources */ = {isa = PBXBuildFile; fileRef = 0986CE132BD6957A00F3A019 /* AuthViewModel.swift */; };
		09A04EC32BCED6F200DC0C28 /* StartViewController.swift in Sources */ = {isa = PBXBuildFile; fileRef = 09A04EC22BCED6F200DC0C28 /* StartViewController.swift */; };
		09A04EC52BCED70800DC0C28 /* RegisterViewController.swift in Sources */ = {isa = PBXBuildFile; fileRef = 09A04EC42BCED70800DC0C28 /* RegisterViewController.swift */; };
		09A04EC92BCED88300DC0C28 /* CustomTextField.swift in Sources */ = {isa = PBXBuildFile; fileRef = 09A04EC82BCED88300DC0C28 /* CustomTextField.swift */; };
		09A04ECB2BD05AFC00DC0C28 /* LogRegButton.swift in Sources */ = {isa = PBXBuildFile; fileRef = 09A04ECA2BD05AFC00DC0C28 /* LogRegButton.swift */; };
		09A04ECE2BD0744D00DC0C28 /* UIViewController+hideKeyboardWhenTappedAround.swift in Sources */ = {isa = PBXBuildFile; fileRef = 09A04ECD2BD0744D00DC0C28 /* UIViewController+hideKeyboardWhenTappedAround.swift */; };
		09E1109A2BD1E2F3003A8EA8 /* LoginViewController.swift in Sources */ = {isa = PBXBuildFile; fileRef = 09E110992BD1E2F3003A8EA8 /* LoginViewController.swift */; };
		09E212462BD71F8A002C86AF /* AuthService.swift in Sources */ = {isa = PBXBuildFile; fileRef = 09E212452BD71F8A002C86AF /* AuthService.swift */; };
		09E212482BD71FA5002C86AF /* Service.swift in Sources */ = {isa = PBXBuildFile; fileRef = 09E212472BD71FA5002C86AF /* Service.swift */; };
		1E8BDB683834F305F426F5C7 /* Pods_CinephileDatingApp.framework in Frameworks */ = {isa = PBXBuildFile; fileRef = 0E179C2C3935EE7974B6A9D8 /* Pods_CinephileDatingApp.framework */; };
/* End PBXBuildFile section */

/* Begin PBXFileReference section */
		049EB0612BC889700040FFF8 /* CardView.swift */ = {isa = PBXFileReference; lastKnownFileType = sourcecode.swift; path = CardView.swift; sourceTree = "<group>"; };
		04C872952BC5BAF900F954DB /* HomeNavigationStackView.swift */ = {isa = PBXFileReference; lastKnownFileType = sourcecode.swift; path = HomeNavigationStackView.swift; sourceTree = "<group>"; };
		04C872972BC5D59400F954DB /* HomeActionsStackView.swift */ = {isa = PBXFileReference; lastKnownFileType = sourcecode.swift; path = HomeActionsStackView.swift; sourceTree = "<group>"; };
		04C8729A2BC5D8EE00F954DB /* HomeVerticalStackView.swift */ = {isa = PBXFileReference; lastKnownFileType = sourcecode.swift; path = HomeVerticalStackView.swift; sourceTree = "<group>"; };
		06ED4AFAC0909503CBA76E75 /* Pods-CinephileDatingApp.release.xcconfig */ = {isa = PBXFileReference; includeInIndex = 1; lastKnownFileType = text.xcconfig; name = "Pods-CinephileDatingApp.release.xcconfig"; path = "Target Support Files/Pods-CinephileDatingApp/Pods-CinephileDatingApp.release.xcconfig"; sourceTree = "<group>"; };
		092098E82BC1B0A500DAA0C7 /* CinephileDatingApp.app */ = {isa = PBXFileReference; explicitFileType = wrapper.application; includeInIndex = 0; path = CinephileDatingApp.app; sourceTree = BUILT_PRODUCTS_DIR; };
		092098EB2BC1B0A500DAA0C7 /* AppDelegate.swift */ = {isa = PBXFileReference; lastKnownFileType = sourcecode.swift; path = AppDelegate.swift; sourceTree = "<group>"; };
		092098ED2BC1B0A500DAA0C7 /* SceneDelegate.swift */ = {isa = PBXFileReference; lastKnownFileType = sourcecode.swift; path = SceneDelegate.swift; sourceTree = "<group>"; };
		092098EF2BC1B0A500DAA0C7 /* HomeViewController.swift */ = {isa = PBXFileReference; lastKnownFileType = sourcecode.swift; path = HomeViewController.swift; sourceTree = "<group>"; };
		092098F42BC1B0A500DAA0C7 /* Assets.xcassets */ = {isa = PBXFileReference; lastKnownFileType = folder.assetcatalog; path = Assets.xcassets; sourceTree = "<group>"; };
		092098F92BC1B0A500DAA0C7 /* Info.plist */ = {isa = PBXFileReference; lastKnownFileType = text.plist.xml; path = Info.plist; sourceTree = "<group>"; };
		0928F7D42BD40E9400087575 /* Montserrat-Medium.ttf */ = {isa = PBXFileReference; lastKnownFileType = file; path = "Montserrat-Medium.ttf"; sourceTree = "<group>"; };
		0928F7D52BD40E9900087575 /* Montserrat-Bold.ttf */ = {isa = PBXFileReference; lastKnownFileType = file; path = "Montserrat-Bold.ttf"; sourceTree = "<group>"; };
		0928F7D92BD428C500087575 /* FilmShotImageWithDescription.swift */ = {isa = PBXFileReference; lastKnownFileType = sourcecode.swift; path = FilmShotImageWithDescription.swift; sourceTree = "<group>"; };
		09305DCB2BD3FC510018AE92 /* Constraints.swift */ = {isa = PBXFileReference; lastKnownFileType = sourcecode.swift; path = Constraints.swift; sourceTree = "<group>"; };
		0935AB292BD8477D00357FF0 /* ProfileSettingsViewController.swift */ = {isa = PBXFileReference; lastKnownFileType = sourcecode.swift; path = ProfileSettingsViewController.swift; sourceTree = "<group>"; };
		0935AB2B2BD84B1F00357FF0 /* ProfileSettingsHeaderView.swift */ = {isa = PBXFileReference; lastKnownFileType = sourcecode.swift; path = ProfileSettingsHeaderView.swift; sourceTree = "<group>"; };
		0935AB2D2BD86FD500357FF0 /* ProfileSettingsCell.swift */ = {isa = PBXFileReference; lastKnownFileType = sourcecode.swift; path = ProfileSettingsCell.swift; sourceTree = "<group>"; };
		0935AB2F2BD871CE00357FF0 /* ProfileSettingsViewModel.swift */ = {isa = PBXFileReference; lastKnownFileType = sourcecode.swift; path = ProfileSettingsViewModel.swift; sourceTree = "<group>"; };
		09385C422BCD952E002A58FB /* User.swift */ = {isa = PBXFileReference; lastKnownFileType = sourcecode.swift; path = User.swift; sourceTree = "<group>"; };
		09385C462BCD9A56002A58FB /* CardViewModel.swift */ = {isa = PBXFileReference; lastKnownFileType = sourcecode.swift; path = CardViewModel.swift; sourceTree = "<group>"; };
		0949CEEA2BD54CD9008A5C27 /* UITapGestureRecpgnizer+didTapAttributedtextInLabel.swift */ = {isa = PBXFileReference; lastKnownFileType = sourcecode.swift; path = "UITapGestureRecpgnizer+didTapAttributedtextInLabel.swift"; sourceTree = "<group>"; };
		094CC6122BD97A28005A5CC0 /* ProfileSettingsFooter.swift */ = {isa = PBXFileReference; lastKnownFileType = sourcecode.swift; path = ProfileSettingsFooter.swift; sourceTree = "<group>"; };
		094CC6142BD9A4B5005A5CC0 /* UserProfileViewController.swift */ = {isa = PBXFileReference; lastKnownFileType = sourcecode.swift; path = UserProfileViewController.swift; sourceTree = "<group>"; };
		094CC6162BD9A7F3005A5CC0 /* userProfileCollectionViewCell.swift */ = {isa = PBXFileReference; lastKnownFileType = sourcecode.swift; path = userProfileCollectionViewCell.swift; sourceTree = "<group>"; };
		094CC6182BD9B57A005A5CC0 /* UserProfileViewModel.swift */ = {isa = PBXFileReference; lastKnownFileType = sourcecode.swift; path = UserProfileViewModel.swift; sourceTree = "<group>"; };
		094CC61A2BD9B9B5005A5CC0 /* SegmentedBarView.swift */ = {isa = PBXFileReference; lastKnownFileType = sourcecode.swift; path = SegmentedBarView.swift; sourceTree = "<group>"; };
		096D0C922BD71662009CF490 /* GoogleService-Info.plist */ = {isa = PBXFileReference; fileEncoding = 4; lastKnownFileType = text.plist.xml; path = "GoogleService-Info.plist"; sourceTree = "<group>"; };
		0986CE132BD6957A00F3A019 /* AuthViewModel.swift */ = {isa = PBXFileReference; lastKnownFileType = sourcecode.swift; path = AuthViewModel.swift; sourceTree = "<group>"; };
		0986CE162BD6F60600F3A019 /* ru */ = {isa = PBXFileReference; lastKnownFileType = file.storyboard; name = ru; path = ru.lproj/LaunchScreen.storyboard; sourceTree = "<group>"; };
		09A04EC22BCED6F200DC0C28 /* StartViewController.swift */ = {isa = PBXFileReference; lastKnownFileType = sourcecode.swift; path = StartViewController.swift; sourceTree = "<group>"; };
		09A04EC42BCED70800DC0C28 /* RegisterViewController.swift */ = {isa = PBXFileReference; lastKnownFileType = sourcecode.swift; path = RegisterViewController.swift; sourceTree = "<group>"; };
		09A04EC82BCED88300DC0C28 /* CustomTextField.swift */ = {isa = PBXFileReference; lastKnownFileType = sourcecode.swift; path = CustomTextField.swift; sourceTree = "<group>"; };
		09A04ECA2BD05AFC00DC0C28 /* LogRegButton.swift */ = {isa = PBXFileReference; lastKnownFileType = sourcecode.swift; path = LogRegButton.swift; sourceTree = "<group>"; };
		09A04ECD2BD0744D00DC0C28 /* UIViewController+hideKeyboardWhenTappedAround.swift */ = {isa = PBXFileReference; fileEncoding = 4; lastKnownFileType = sourcecode.swift; path = "UIViewController+hideKeyboardWhenTappedAround.swift"; sourceTree = "<group>"; };
		09E110992BD1E2F3003A8EA8 /* LoginViewController.swift */ = {isa = PBXFileReference; lastKnownFileType = sourcecode.swift; path = LoginViewController.swift; sourceTree = "<group>"; };
		09E212452BD71F8A002C86AF /* AuthService.swift */ = {isa = PBXFileReference; lastKnownFileType = sourcecode.swift; path = AuthService.swift; sourceTree = "<group>"; };
		09E212472BD71FA5002C86AF /* Service.swift */ = {isa = PBXFileReference; lastKnownFileType = sourcecode.swift; path = Service.swift; sourceTree = "<group>"; };
		0E179C2C3935EE7974B6A9D8 /* Pods_CinephileDatingApp.framework */ = {isa = PBXFileReference; explicitFileType = wrapper.framework; includeInIndex = 0; path = Pods_CinephileDatingApp.framework; sourceTree = BUILT_PRODUCTS_DIR; };
		EB063394866DDD65B6540745 /* Pods-CinephileDatingApp.debug.xcconfig */ = {isa = PBXFileReference; includeInIndex = 1; lastKnownFileType = text.xcconfig; name = "Pods-CinephileDatingApp.debug.xcconfig"; path = "Target Support Files/Pods-CinephileDatingApp/Pods-CinephileDatingApp.debug.xcconfig"; sourceTree = "<group>"; };
/* End PBXFileReference section */

/* Begin PBXFrameworksBuildPhase section */
		092098E52BC1B0A500DAA0C7 /* Frameworks */ = {
			isa = PBXFrameworksBuildPhase;
			buildActionMask = 2147483647;
			files = (
				1E8BDB683834F305F426F5C7 /* Pods_CinephileDatingApp.framework in Frameworks */,
			);
			runOnlyForDeploymentPostprocessing = 0;
		};
/* End PBXFrameworksBuildPhase section */

/* Begin PBXGroup section */
		04C8728F2BC5BA1700F954DB /* API */ = {
			isa = PBXGroup;
			children = (
				09E212452BD71F8A002C86AF /* AuthService.swift */,
				09E212472BD71FA5002C86AF /* Service.swift */,
			);
			path = API;
			sourceTree = "<group>";
		};
		04C872902BC5BA2D00F954DB /* Utils */ = {
			isa = PBXGroup;
			children = (
				09A04ECC2BD073C900DC0C28 /* Extensions */,
				09A04EC72BCED7E000DC0C28 /* CustomStandartViews */,
				09305DCB2BD3FC510018AE92 /* Constraints.swift */,
			);
			path = Utils;
			sourceTree = "<group>";
		};
		04C872912BC5BA3400F954DB /* ViewModels */ = {
			isa = PBXGroup;
			children = (
				09385C462BCD9A56002A58FB /* CardViewModel.swift */,
				0986CE132BD6957A00F3A019 /* AuthViewModel.swift */,
				0935AB2F2BD871CE00357FF0 /* ProfileSettingsViewModel.swift */,
				094CC6182BD9B57A005A5CC0 /* UserProfileViewModel.swift */,
			);
			path = ViewModels;
			sourceTree = "<group>";
		};
		04C872922BC5BA4600F954DB /* Models */ = {
			isa = PBXGroup;
			children = (
				09385C422BCD952E002A58FB /* User.swift */,
			);
			path = Models;
			sourceTree = "<group>";
		};
		04C872942BC5BA5D00F954DB /* Views */ = {
			isa = PBXGroup;
			children = (
				094CC6112BD96628005A5CC0 /* ProfileSettingsScreen */,
				0986CE192BD7023000F3A019 /* HomeTabScreen */,
				0986CE172BD701B000F3A019 /* StartScreen */,
			);
			path = Views;
			sourceTree = "<group>";
		};
		092098DF2BC1B0A500DAA0C7 = {
			isa = PBXGroup;
			children = (
				092098EA2BC1B0A500DAA0C7 /* CinephileDatingApp */,
				092098E92BC1B0A500DAA0C7 /* Products */,
				FECED813F3E5F72E085A5E3B /* Pods */,
				FF5E54C3A51902BD2B9B7F7E /* Frameworks */,
			);
			sourceTree = "<group>";
		};
		092098E92BC1B0A500DAA0C7 /* Products */ = {
			isa = PBXGroup;
			children = (
				092098E82BC1B0A500DAA0C7 /* CinephileDatingApp.app */,
			);
			name = Products;
			sourceTree = "<group>";
		};
		092098EA2BC1B0A500DAA0C7 /* CinephileDatingApp */ = {
			isa = PBXGroup;
			children = (
				096D0C922BD71662009CF490 /* GoogleService-Info.plist */,
				092098F92BC1B0A500DAA0C7 /* Info.plist */,
				0928F7D22BD40E7100087575 /* fonts */,
				04C872942BC5BA5D00F954DB /* Views */,
				04C872922BC5BA4600F954DB /* Models */,
				04C872912BC5BA3400F954DB /* ViewModels */,
				092099032BC1B14B00DAA0C7 /* Controllers */,
				04C872902BC5BA2D00F954DB /* Utils */,
				04C8728F2BC5BA1700F954DB /* API */,
				092099082BC1B2D200DAA0C7 /* Resources */,
			);
			path = CinephileDatingApp;
			sourceTree = "<group>";
		};
		092099032BC1B14B00DAA0C7 /* Controllers */ = {
			isa = PBXGroup;
			children = (
				09A04EC22BCED6F200DC0C28 /* StartViewController.swift */,
				09E110992BD1E2F3003A8EA8 /* LoginViewController.swift */,
				09A04EC42BCED70800DC0C28 /* RegisterViewController.swift */,
				092098EF2BC1B0A500DAA0C7 /* HomeViewController.swift */,
				0935AB292BD8477D00357FF0 /* ProfileSettingsViewController.swift */,
				094CC6142BD9A4B5005A5CC0 /* UserProfileViewController.swift */,
			);
			path = Controllers;
			sourceTree = "<group>";
		};
		092099082BC1B2D200DAA0C7 /* Resources */ = {
			isa = PBXGroup;
			children = (
				092098EB2BC1B0A500DAA0C7 /* AppDelegate.swift */,
				092098ED2BC1B0A500DAA0C7 /* SceneDelegate.swift */,
				092098F42BC1B0A500DAA0C7 /* Assets.xcassets */,
				092098F62BC1B0A500DAA0C7 /* LaunchScreen.storyboard */,
			);
			path = Resources;
			sourceTree = "<group>";
		};
		0928F7D22BD40E7100087575 /* fonts */ = {
			isa = PBXGroup;
			children = (
				0928F7D52BD40E9900087575 /* Montserrat-Bold.ttf */,
				0928F7D42BD40E9400087575 /* Montserrat-Medium.ttf */,
			);
			path = fonts;
			sourceTree = "<group>";
		};
		094CC6112BD96628005A5CC0 /* ProfileSettingsScreen */ = {
			isa = PBXGroup;
			children = (
				0935AB2B2BD84B1F00357FF0 /* ProfileSettingsHeaderView.swift */,
				0935AB2D2BD86FD500357FF0 /* ProfileSettingsCell.swift */,
				094CC6122BD97A28005A5CC0 /* ProfileSettingsFooter.swift */,
			);
			path = ProfileSettingsScreen;
			sourceTree = "<group>";
		};
		0986CE172BD701B000F3A019 /* StartScreen */ = {
			isa = PBXGroup;
			children = (
				0928F7D92BD428C500087575 /* FilmShotImageWithDescription.swift */,
			);
			path = StartScreen;
			sourceTree = "<group>";
		};
		0986CE192BD7023000F3A019 /* HomeTabScreen */ = {
			isa = PBXGroup;
			children = (
				049EB0612BC889700040FFF8 /* CardView.swift */,
				04C872952BC5BAF900F954DB /* HomeNavigationStackView.swift */,
				04C872972BC5D59400F954DB /* HomeActionsStackView.swift */,
				04C8729A2BC5D8EE00F954DB /* HomeVerticalStackView.swift */,
				094CC6162BD9A7F3005A5CC0 /* userProfileCollectionViewCell.swift */,
				094CC61A2BD9B9B5005A5CC0 /* SegmentedBarView.swift */,
			);
			path = HomeTabScreen;
			sourceTree = "<group>";
		};
		09A04EC72BCED7E000DC0C28 /* CustomStandartViews */ = {
			isa = PBXGroup;
			children = (
				09A04EC82BCED88300DC0C28 /* CustomTextField.swift */,
				09A04ECA2BD05AFC00DC0C28 /* LogRegButton.swift */,
			);
			path = CustomStandartViews;
			sourceTree = "<group>";
		};
		09A04ECC2BD073C900DC0C28 /* Extensions */ = {
			isa = PBXGroup;
			children = (
				09A04ECD2BD0744D00DC0C28 /* UIViewController+hideKeyboardWhenTappedAround.swift */,
				0949CEEA2BD54CD9008A5C27 /* UITapGestureRecpgnizer+didTapAttributedtextInLabel.swift */,
			);
			path = Extensions;
			sourceTree = "<group>";
		};
		FECED813F3E5F72E085A5E3B /* Pods */ = {
			isa = PBXGroup;
			children = (
				EB063394866DDD65B6540745 /* Pods-CinephileDatingApp.debug.xcconfig */,
				06ED4AFAC0909503CBA76E75 /* Pods-CinephileDatingApp.release.xcconfig */,
			);
			path = Pods;
			sourceTree = "<group>";
		};
		FF5E54C3A51902BD2B9B7F7E /* Frameworks */ = {
			isa = PBXGroup;
			children = (
				0E179C2C3935EE7974B6A9D8 /* Pods_CinephileDatingApp.framework */,
			);
			name = Frameworks;
			sourceTree = "<group>";
		};
/* End PBXGroup section */

/* Begin PBXNativeTarget section */
		092098E72BC1B0A500DAA0C7 /* CinephileDatingApp */ = {
			isa = PBXNativeTarget;
			buildConfigurationList = 092098FC2BC1B0A500DAA0C7 /* Build configuration list for PBXNativeTarget "CinephileDatingApp" */;
			buildPhases = (
				9941610DBC475EA695C01655 /* [CP] Check Pods Manifest.lock */,
				092098E42BC1B0A500DAA0C7 /* Sources */,
				092098E52BC1B0A500DAA0C7 /* Frameworks */,
				092098E62BC1B0A500DAA0C7 /* Resources */,
				9054699988E73375088B3B1B /* [CP] Embed Pods Frameworks */,
			);
			buildRules = (
			);
			dependencies = (
			);
			name = CinephileDatingApp;
			productName = CinephileDatingApp;
			productReference = 092098E82BC1B0A500DAA0C7 /* CinephileDatingApp.app */;
			productType = "com.apple.product-type.application";
		};
/* End PBXNativeTarget section */

/* Begin PBXProject section */
		092098E02BC1B0A500DAA0C7 /* Project object */ = {
			isa = PBXProject;
			attributes = {
				BuildIndependentTargetsInParallel = 1;
				LastSwiftUpdateCheck = 1420;
				LastUpgradeCheck = 1420;
				TargetAttributes = {
					092098E72BC1B0A500DAA0C7 = {
						CreatedOnToolsVersion = 14.2;
					};
				};
			};
			buildConfigurationList = 092098E32BC1B0A500DAA0C7 /* Build configuration list for PBXProject "CinephileDatingApp" */;
			compatibilityVersion = "Xcode 14.0";
			developmentRegion = en;
			hasScannedForEncodings = 0;
			knownRegions = (
				en,
				Base,
				ru,
			);
			mainGroup = 092098DF2BC1B0A500DAA0C7;
			productRefGroup = 092098E92BC1B0A500DAA0C7 /* Products */;
			projectDirPath = "";
			projectRoot = "";
			targets = (
				092098E72BC1B0A500DAA0C7 /* CinephileDatingApp */,
			);
		};
/* End PBXProject section */

/* Begin PBXResourcesBuildPhase section */
		092098E62BC1B0A500DAA0C7 /* Resources */ = {
			isa = PBXResourcesBuildPhase;
			buildActionMask = 2147483647;
			files = (
				092098F82BC1B0A500DAA0C7 /* LaunchScreen.storyboard in Resources */,
				092098F52BC1B0A500DAA0C7 /* Assets.xcassets in Resources */,
				096D0C932BD71662009CF490 /* GoogleService-Info.plist in Resources */,
				0928F7D82BD40EC700087575 /* Montserrat-Medium.ttf in Resources */,
				0928F7D72BD40EC400087575 /* Montserrat-Bold.ttf in Resources */,
			);
			runOnlyForDeploymentPostprocessing = 0;
		};
/* End PBXResourcesBuildPhase section */

/* Begin PBXShellScriptBuildPhase section */
		9054699988E73375088B3B1B /* [CP] Embed Pods Frameworks */ = {
			isa = PBXShellScriptBuildPhase;
			buildActionMask = 2147483647;
			files = (
			);
			inputFileListPaths = (
				"${PODS_ROOT}/Target Support Files/Pods-CinephileDatingApp/Pods-CinephileDatingApp-frameworks-${CONFIGURATION}-input-files.xcfilelist",
			);
			name = "[CP] Embed Pods Frameworks";
			outputFileListPaths = (
				"${PODS_ROOT}/Target Support Files/Pods-CinephileDatingApp/Pods-CinephileDatingApp-frameworks-${CONFIGURATION}-output-files.xcfilelist",
			);
			runOnlyForDeploymentPostprocessing = 0;
			shellPath = /bin/sh;
			shellScript = "\"${PODS_ROOT}/Target Support Files/Pods-CinephileDatingApp/Pods-CinephileDatingApp-frameworks.sh\"\n";
			showEnvVarsInLog = 0;
		};
		9941610DBC475EA695C01655 /* [CP] Check Pods Manifest.lock */ = {
			isa = PBXShellScriptBuildPhase;
			buildActionMask = 2147483647;
			files = (
			);
			inputFileListPaths = (
			);
			inputPaths = (
				"${PODS_PODFILE_DIR_PATH}/Podfile.lock",
				"${PODS_ROOT}/Manifest.lock",
			);
			name = "[CP] Check Pods Manifest.lock";
			outputFileListPaths = (
			);
			outputPaths = (
				"$(DERIVED_FILE_DIR)/Pods-CinephileDatingApp-checkManifestLockResult.txt",
			);
			runOnlyForDeploymentPostprocessing = 0;
			shellPath = /bin/sh;
			shellScript = "diff \"${PODS_PODFILE_DIR_PATH}/Podfile.lock\" \"${PODS_ROOT}/Manifest.lock\" > /dev/null\nif [ $? != 0 ] ; then\n    # print error to STDERR\n    echo \"error: The sandbox is not in sync with the Podfile.lock. Run 'pod install' or update your CocoaPods installation.\" >&2\n    exit 1\nfi\n# This output is used by Xcode 'outputs' to avoid re-running this script phase.\necho \"SUCCESS\" > \"${SCRIPT_OUTPUT_FILE_0}\"\n";
			showEnvVarsInLog = 0;
		};
/* End PBXShellScriptBuildPhase section */

/* Begin PBXSourcesBuildPhase section */
		092098E42BC1B0A500DAA0C7 /* Sources */ = {
			isa = PBXSourcesBuildPhase;
			buildActionMask = 2147483647;
			files = (
				094CC6192BD9B57A005A5CC0 /* UserProfileViewModel.swift in Sources */,
				049EB0622BC889700040FFF8 /* CardView.swift in Sources */,
				09A04EC52BCED70800DC0C28 /* RegisterViewController.swift in Sources */,
				0935AB2E2BD86FD500357FF0 /* ProfileSettingsCell.swift in Sources */,
				04C8729B2BC5D8EE00F954DB /* HomeVerticalStackView.swift in Sources */,
				09E1109A2BD1E2F3003A8EA8 /* LoginViewController.swift in Sources */,
				09305DCC2BD3FC510018AE92 /* Constraints.swift in Sources */,
				04C872982BC5D59400F954DB /* HomeActionsStackView.swift in Sources */,
				0986CE142BD6957A00F3A019 /* AuthViewModel.swift in Sources */,
				094CC61B2BD9B9B5005A5CC0 /* SegmentedBarView.swift in Sources */,
				0935AB2A2BD8477D00357FF0 /* ProfileSettingsViewController.swift in Sources */,
				09E212462BD71F8A002C86AF /* AuthService.swift in Sources */,
				09E212482BD71FA5002C86AF /* Service.swift in Sources */,
				092098F02BC1B0A500DAA0C7 /* HomeViewController.swift in Sources */,
				09A04ECB2BD05AFC00DC0C28 /* LogRegButton.swift in Sources */,
				09385C432BCD952E002A58FB /* User.swift in Sources */,
				092098EC2BC1B0A500DAA0C7 /* AppDelegate.swift in Sources */,
				09A04ECE2BD0744D00DC0C28 /* UIViewController+hideKeyboardWhenTappedAround.swift in Sources */,
				094CC6152BD9A4B5005A5CC0 /* UserProfileViewController.swift in Sources */,
				04C872962BC5BAF900F954DB /* HomeNavigationStackView.swift in Sources */,
				09A04EC92BCED88300DC0C28 /* CustomTextField.swift in Sources */,
				092098EE2BC1B0A500DAA0C7 /* SceneDelegate.swift in Sources */,
				0928F7DA2BD428C500087575 /* FilmShotImageWithDescription.swift in Sources */,
				09A04EC32BCED6F200DC0C28 /* StartViewController.swift in Sources */,
				0935AB2C2BD84B1F00357FF0 /* ProfileSettingsHeaderView.swift in Sources */,
				09385C472BCD9A56002A58FB /* CardViewModel.swift in Sources */,
				0949CEEB2BD54CD9008A5C27 /* UITapGestureRecpgnizer+didTapAttributedtextInLabel.swift in Sources */,
				094CC6172BD9A7F3005A5CC0 /* userProfileCollectionViewCell.swift in Sources */,
				0935AB302BD871CE00357FF0 /* ProfileSettingsViewModel.swift in Sources */,
				094CC6132BD97A28005A5CC0 /* ProfileSettingsFooter.swift in Sources */,
			);
			runOnlyForDeploymentPostprocessing = 0;
		};
/* End PBXSourcesBuildPhase section */

/* Begin PBXVariantGroup section */
		092098F62BC1B0A500DAA0C7 /* LaunchScreen.storyboard */ = {
			isa = PBXVariantGroup;
			children = (
				0986CE162BD6F60600F3A019 /* ru */,
			);
			name = LaunchScreen.storyboard;
			sourceTree = "<group>";
		};
/* End PBXVariantGroup section */

/* Begin XCBuildConfiguration section */
		092098FA2BC1B0A500DAA0C7 /* Debug */ = {
			isa = XCBuildConfiguration;
			buildSettings = {
				ALWAYS_SEARCH_USER_PATHS = NO;
				CLANG_ANALYZER_LOCALIZABILITY_NONLOCALIZED = YES;
				CLANG_ANALYZER_NONNULL = YES;
				CLANG_ANALYZER_NUMBER_OBJECT_CONVERSION = YES_AGGRESSIVE;
				CLANG_CXX_LANGUAGE_STANDARD = "gnu++20";
				CLANG_ENABLE_MODULES = YES;
				CLANG_ENABLE_OBJC_ARC = YES;
				CLANG_ENABLE_OBJC_WEAK = YES;
				CLANG_WARN_BLOCK_CAPTURE_AUTORELEASING = YES;
				CLANG_WARN_BOOL_CONVERSION = YES;
				CLANG_WARN_COMMA = YES;
				CLANG_WARN_CONSTANT_CONVERSION = YES;
				CLANG_WARN_DEPRECATED_OBJC_IMPLEMENTATIONS = YES;
				CLANG_WARN_DIRECT_OBJC_ISA_USAGE = YES_ERROR;
				CLANG_WARN_DOCUMENTATION_COMMENTS = YES;
				CLANG_WARN_EMPTY_BODY = YES;
				CLANG_WARN_ENUM_CONVERSION = YES;
				CLANG_WARN_INFINITE_RECURSION = YES;
				CLANG_WARN_INT_CONVERSION = YES;
				CLANG_WARN_NON_LITERAL_NULL_CONVERSION = YES;
				CLANG_WARN_OBJC_IMPLICIT_RETAIN_SELF = YES;
				CLANG_WARN_OBJC_LITERAL_CONVERSION = YES;
				CLANG_WARN_OBJC_ROOT_CLASS = YES_ERROR;
				CLANG_WARN_QUOTED_INCLUDE_IN_FRAMEWORK_HEADER = YES;
				CLANG_WARN_RANGE_LOOP_ANALYSIS = YES;
				CLANG_WARN_STRICT_PROTOTYPES = YES;
				CLANG_WARN_SUSPICIOUS_MOVE = YES;
				CLANG_WARN_UNGUARDED_AVAILABILITY = YES_AGGRESSIVE;
				CLANG_WARN_UNREACHABLE_CODE = YES;
				CLANG_WARN__DUPLICATE_METHOD_MATCH = YES;
				COPY_PHASE_STRIP = NO;
				DEBUG_INFORMATION_FORMAT = dwarf;
				ENABLE_STRICT_OBJC_MSGSEND = YES;
				ENABLE_TESTABILITY = YES;
				GCC_C_LANGUAGE_STANDARD = gnu11;
				GCC_DYNAMIC_NO_PIC = NO;
				GCC_NO_COMMON_BLOCKS = YES;
				GCC_OPTIMIZATION_LEVEL = 0;
				GCC_PREPROCESSOR_DEFINITIONS = (
					"DEBUG=1",
					"$(inherited)",
				);
				GCC_WARN_64_TO_32_BIT_CONVERSION = YES;
				GCC_WARN_ABOUT_RETURN_TYPE = YES_ERROR;
				GCC_WARN_UNDECLARED_SELECTOR = YES;
				GCC_WARN_UNINITIALIZED_AUTOS = YES_AGGRESSIVE;
				GCC_WARN_UNUSED_FUNCTION = YES;
				GCC_WARN_UNUSED_VARIABLE = YES;
				IPHONEOS_DEPLOYMENT_TARGET = 15.0;
				MTL_ENABLE_DEBUG_INFO = INCLUDE_SOURCE;
				MTL_FAST_MATH = YES;
				ONLY_ACTIVE_ARCH = YES;
				SDKROOT = iphoneos;
				SWIFT_ACTIVE_COMPILATION_CONDITIONS = DEBUG;
				SWIFT_EMIT_LOC_STRINGS = YES;
				SWIFT_OPTIMIZATION_LEVEL = "-Onone";
			};
			name = Debug;
		};
		092098FB2BC1B0A500DAA0C7 /* Release */ = {
			isa = XCBuildConfiguration;
			buildSettings = {
				ALWAYS_SEARCH_USER_PATHS = NO;
				CLANG_ANALYZER_LOCALIZABILITY_NONLOCALIZED = YES;
				CLANG_ANALYZER_NONNULL = YES;
				CLANG_ANALYZER_NUMBER_OBJECT_CONVERSION = YES_AGGRESSIVE;
				CLANG_CXX_LANGUAGE_STANDARD = "gnu++20";
				CLANG_ENABLE_MODULES = YES;
				CLANG_ENABLE_OBJC_ARC = YES;
				CLANG_ENABLE_OBJC_WEAK = YES;
				CLANG_WARN_BLOCK_CAPTURE_AUTORELEASING = YES;
				CLANG_WARN_BOOL_CONVERSION = YES;
				CLANG_WARN_COMMA = YES;
				CLANG_WARN_CONSTANT_CONVERSION = YES;
				CLANG_WARN_DEPRECATED_OBJC_IMPLEMENTATIONS = YES;
				CLANG_WARN_DIRECT_OBJC_ISA_USAGE = YES_ERROR;
				CLANG_WARN_DOCUMENTATION_COMMENTS = YES;
				CLANG_WARN_EMPTY_BODY = YES;
				CLANG_WARN_ENUM_CONVERSION = YES;
				CLANG_WARN_INFINITE_RECURSION = YES;
				CLANG_WARN_INT_CONVERSION = YES;
				CLANG_WARN_NON_LITERAL_NULL_CONVERSION = YES;
				CLANG_WARN_OBJC_IMPLICIT_RETAIN_SELF = YES;
				CLANG_WARN_OBJC_LITERAL_CONVERSION = YES;
				CLANG_WARN_OBJC_ROOT_CLASS = YES_ERROR;
				CLANG_WARN_QUOTED_INCLUDE_IN_FRAMEWORK_HEADER = YES;
				CLANG_WARN_RANGE_LOOP_ANALYSIS = YES;
				CLANG_WARN_STRICT_PROTOTYPES = YES;
				CLANG_WARN_SUSPICIOUS_MOVE = YES;
				CLANG_WARN_UNGUARDED_AVAILABILITY = YES_AGGRESSIVE;
				CLANG_WARN_UNREACHABLE_CODE = YES;
				CLANG_WARN__DUPLICATE_METHOD_MATCH = YES;
				COPY_PHASE_STRIP = NO;
				DEBUG_INFORMATION_FORMAT = "dwarf-with-dsym";
				ENABLE_NS_ASSERTIONS = NO;
				ENABLE_STRICT_OBJC_MSGSEND = YES;
				GCC_C_LANGUAGE_STANDARD = gnu11;
				GCC_NO_COMMON_BLOCKS = YES;
				GCC_WARN_64_TO_32_BIT_CONVERSION = YES;
				GCC_WARN_ABOUT_RETURN_TYPE = YES_ERROR;
				GCC_WARN_UNDECLARED_SELECTOR = YES;
				GCC_WARN_UNINITIALIZED_AUTOS = YES_AGGRESSIVE;
				GCC_WARN_UNUSED_FUNCTION = YES;
				GCC_WARN_UNUSED_VARIABLE = YES;
				IPHONEOS_DEPLOYMENT_TARGET = 15.0;
				MTL_ENABLE_DEBUG_INFO = NO;
				MTL_FAST_MATH = YES;
				SDKROOT = iphoneos;
				SWIFT_COMPILATION_MODE = wholemodule;
				SWIFT_EMIT_LOC_STRINGS = YES;
				SWIFT_OPTIMIZATION_LEVEL = "-O";
				VALIDATE_PRODUCT = YES;
			};
			name = Release;
		};
		092098FD2BC1B0A500DAA0C7 /* Debug */ = {
			isa = XCBuildConfiguration;
			baseConfigurationReference = EB063394866DDD65B6540745 /* Pods-CinephileDatingApp.debug.xcconfig */;
			buildSettings = {
				ASSETCATALOG_COMPILER_APPICON_NAME = AppIcon;
				ASSETCATALOG_COMPILER_GLOBAL_ACCENT_COLOR_NAME = AccentColor;
				CODE_SIGN_STYLE = Automatic;
				CURRENT_PROJECT_VERSION = 1;
				DEVELOPMENT_TEAM = 6KLWRFJA68;
				GENERATE_INFOPLIST_FILE = YES;
				INFOPLIST_FILE = CinephileDatingApp/Info.plist;
				INFOPLIST_KEY_NSCameraUsageDescription = "Для того, чтобы  сделать фото, пожалуйста, разрешите доступ к камере";
				INFOPLIST_KEY_NSPhotoLibraryAddUsageDescription = "Для того, чтобы добавить уже существующее фото, пожалуйста, разрешите доступ к галерее";
				INFOPLIST_KEY_UIApplicationSupportsIndirectInputEvents = YES;
				INFOPLIST_KEY_UILaunchStoryboardName = LaunchScreen;
				INFOPLIST_KEY_UIStatusBarStyle = "";
				INFOPLIST_KEY_UISupportedInterfaceOrientations = UIInterfaceOrientationPortrait;
				IPHONEOS_DEPLOYMENT_TARGET = 15.0;
				LD_RUNPATH_SEARCH_PATHS = (
					"$(inherited)",
					"@executable_path/Frameworks",
				);
				MARKETING_VERSION = 1.0;
				PRODUCT_BUNDLE_IDENTIFIER = "com.ilya-tatsenko.CinephileDatingApp";
				PRODUCT_NAME = "$(TARGET_NAME)";
				SWIFT_EMIT_LOC_STRINGS = YES;
				SWIFT_VERSION = 5.0;
				TARGETED_DEVICE_FAMILY = "1,2";
			};
			name = Debug;
		};
		092098FE2BC1B0A500DAA0C7 /* Release */ = {
			isa = XCBuildConfiguration;
			baseConfigurationReference = 06ED4AFAC0909503CBA76E75 /* Pods-CinephileDatingApp.release.xcconfig */;
			buildSettings = {
				ASSETCATALOG_COMPILER_APPICON_NAME = AppIcon;
				ASSETCATALOG_COMPILER_GLOBAL_ACCENT_COLOR_NAME = AccentColor;
				CODE_SIGN_STYLE = Automatic;
				CURRENT_PROJECT_VERSION = 1;
				DEVELOPMENT_TEAM = 6KLWRFJA68;
				GENERATE_INFOPLIST_FILE = YES;
				INFOPLIST_FILE = CinephileDatingApp/Info.plist;
				INFOPLIST_KEY_NSCameraUsageDescription = "Для того, чтобы  сделать фото, пожалуйста, разрешите доступ к камере";
				INFOPLIST_KEY_NSPhotoLibraryAddUsageDescription = "Для того, чтобы добавить уже существующее фото, пожалуйста, разрешите доступ к галерее";
				INFOPLIST_KEY_UIApplicationSupportsIndirectInputEvents = YES;
				INFOPLIST_KEY_UILaunchStoryboardName = LaunchScreen;
				INFOPLIST_KEY_UIStatusBarStyle = "";
				INFOPLIST_KEY_UISupportedInterfaceOrientations = UIInterfaceOrientationPortrait;
				IPHONEOS_DEPLOYMENT_TARGET = 15.0;
				LD_RUNPATH_SEARCH_PATHS = (
					"$(inherited)",
					"@executable_path/Frameworks",
				);
				MARKETING_VERSION = 1.0;
				PRODUCT_BUNDLE_IDENTIFIER = "com.ilya-tatsenko.CinephileDatingApp";
				PRODUCT_NAME = "$(TARGET_NAME)";
				SWIFT_EMIT_LOC_STRINGS = YES;
				SWIFT_VERSION = 5.0;
				TARGETED_DEVICE_FAMILY = "1,2";
			};
			name = Release;
		};
/* End XCBuildConfiguration section */

/* Begin XCConfigurationList section */
		092098E32BC1B0A500DAA0C7 /* Build configuration list for PBXProject "CinephileDatingApp" */ = {
			isa = XCConfigurationList;
			buildConfigurations = (
				092098FA2BC1B0A500DAA0C7 /* Debug */,
				092098FB2BC1B0A500DAA0C7 /* Release */,
			);
			defaultConfigurationIsVisible = 0;
			defaultConfigurationName = Release;
		};
		092098FC2BC1B0A500DAA0C7 /* Build configuration list for PBXNativeTarget "CinephileDatingApp" */ = {
			isa = XCConfigurationList;
			buildConfigurations = (
				092098FD2BC1B0A500DAA0C7 /* Debug */,
				092098FE2BC1B0A500DAA0C7 /* Release */,
			);
			defaultConfigurationIsVisible = 0;
			defaultConfigurationName = Release;
		};
/* End XCConfigurationList section */
	};
	rootObject = 092098E02BC1B0A500DAA0C7 /* Project object */;
}
